
Microsoft Visual Studio Solution File, Format Version 12.00
# Visual Studio Version 16
VisualStudioVersion = 16.0.31424.327
MinimumVisualStudioVersion = 10.0.40219.1
Project("{9A19103F-16F7-4668-BE54-9A1E7A4F7556}") = "AutoMapper.Api", "AutoMapper\AutoMapper.Api.csproj", "{634495B4-11A0-496B-97B9-78E2FD89BF2B}"
EndProject
Project("{9A19103F-16F7-4668-BE54-9A1E7A4F7556}") = "AutoMapper.Application", "AutoMapper.Application\AutoMapper.Application.csproj", "{CC3D337D-C1A0-489D-916D-AF20393E95F1}"
EndProject
Global
	GlobalSection(SolutionConfigurationPlatforms) = preSolution
		Debug|Any CPU = Debug|Any CPU
		Release|Any CPU = Release|Any CPU
	EndGlobalSection
	GlobalSection(ProjectConfigurationPlatforms) = postSolution
		{634495B4-11A0-496B-97B9-78E2FD89BF2B}.Debug|Any CPU.ActiveCfg = Debug|Any CPU
		{634495B4-11A0-496B-97B9-78E2FD89BF2B}.Debug|Any CPU.Build.0 = Debug|Any CPU
		{634495B4-11A0-496B-97B9-78E2FD89BF2B}.Release|Any CPU.ActiveCfg = Release|Any CPU
		{634495B4-11A0-496B-97B9-78E2FD89BF2B}.Release|Any CPU.Build.0 = Release|Any CPU
		{CC3D337D-C1A0-489D-916D-AF20393E95F1}.Debug|Any CPU.ActiveCfg = Debug|Any CPU
		{CC3D337D-C1A0-489D-916D-AF20393E95F1}.Debug|Any CPU.Build.0 = Debug|Any CPU
		{CC3D337D-C1A0-489D-916D-AF20393E95F1}.Release|Any CPU.ActiveCfg = Release|Any CPU
		{CC3D337D-C1A0-489D-916D-AF20393E95F1}.Release|Any CPU.Build.0 = Release|Any CPU
	EndGlobalSection
	GlobalSection(SolutionProperties) = preSolution
		HideSolutionNode = FALSE
	EndGlobalSection
	GlobalSection(ExtensibilityGlobals) = postSolution
		SolutionGuid = {0C4097F4-435F-416E-848F-BA151755E978}
	EndGlobalSection
EndGlobal
